
Microsoft Visual Studio Solution File, Format Version 12.00
# Visual Studio Version 16
VisualStudioVersion = 16.0.31129.286
MinimumVisualStudioVersion = 10.0.40219.1
Project("{2150E333-8FDC-42A3-9474-1A3956D46DE8}") = "src", "src", "{6CEC17D5-0611-4DBB-BB57-C2A343D21189}"
EndProject
Project("{2150E333-8FDC-42A3-9474-1A3956D46DE8}") = "test", "test", "{270D6D7E-4D69-4169-9985-55CE4F36F53C}"
EndProject
Project("{9A19103F-16F7-4668-BE54-9A1E7A4F7556}") = "Windows.Gateway", "src\Windows.Gateway\Windows.Gateway.csproj", "{1410B851-E3EA-4570-91E6-B4456CE48DB4}"
EndProject
Project("{2150E333-8FDC-42A3-9474-1A3956D46DE8}") = "00.Gateway", "00.Gateway", "{F844BC97-03CC-418D-95DA-3B3FA522A334}"
EndProject
Project("{2150E333-8FDC-42A3-9474-1A3956D46DE8}") = "01.Service", "01.Service", "{F4DF1F54-0722-4A24-AEF2-6CA8DF4B1201}"
EndProject
Project("{2150E333-8FDC-42A3-9474-1A3956D46DE8}") = "02.Infrastructure", "02.Infrastructure", "{15AF33BD-BBC1-4BA0-9EA8-E885CB20EB83}"
EndProject
Project("{2150E333-8FDC-42A3-9474-1A3956D46DE8}") = "01.Admin", "01.Admin", "{0A52E20E-E31E-4F97-B7E4-394BFD4D4E4C}"
EndProject
Project("{9A19103F-16F7-4668-BE54-9A1E7A4F7556}") = "Windows.Admin.Application", "src\Windows.Admin.Application\Windows.Admin.Application.csproj", "{70583B86-BB5F-47C0-A653-FA34F6B69808}"
EndProject
Project("{9A19103F-16F7-4668-BE54-9A1E7A4F7556}") = "Windows.Admin.Domain", "src\Windows.Admin.Domain\Windows.Admin.Domain.csproj", "{3C55F924-D148-433E-B682-0FE67AEE3F5D}"
EndProject
Project("{9A19103F-16F7-4668-BE54-9A1E7A4F7556}") = "Windows.Admin.Infrastructure", "src\Windows.Admin.Infrastructure\Windows.Admin.Infrastructure.csproj", "{BEF63829-5FE4-4384-A1EF-B1CC1ECF67D8}"
EndProject
Project("{9A19103F-16F7-4668-BE54-9A1E7A4F7556}") = "Windows.Admin.Infrastructure.EFCore", "src\Windows.Admin.Infrastructure.EFCore\Windows.Admin.Infrastructure.EFCore.csproj", "{9A388326-B61E-43A6-BE38-5B9D6732ED7E}"
EndProject
Project("{9A19103F-16F7-4668-BE54-9A1E7A4F7556}") = "Windows.Api.Shared", "src\Windows.Api.Shared\Windows.Api.Shared.csproj", "{66E7B4DE-6F89-431A-AE51-A8374BEA6C7B}"
EndProject
Project("{9A19103F-16F7-4668-BE54-9A1E7A4F7556}") = "Windows.Application.Shared", "src\Windows.Application.Shared\Windows.Application.Shared.csproj", "{5098E449-0FEE-4112-BCD3-EB52B182F062}"
EndProject
Project("{9A19103F-16F7-4668-BE54-9A1E7A4F7556}") = "Windows.Infrastructure", "src\Windows.Infrastructure\Windows.Infrastructure.csproj", "{0FFAFD7D-F94E-4390-AFE5-9B9CCBC3F7E5}"
EndProject
Project("{9A19103F-16F7-4668-BE54-9A1E7A4F7556}") = "Windows.Infrastructure.EFCore", "src\Windows.Infrastructure.EFCore\Windows.Infrastructure.EFCore.csproj", "{E5363DDF-E0DF-4398-BABD-E9C58E16C81E}"
EndProject
Project("{9A19103F-16F7-4668-BE54-9A1E7A4F7556}") = "Windows.SeedWork", "src\Windows.SeedWork\Windows.SeedWork.csproj", "{1673467F-51AC-4A08-ADFD-034E355AC51C}"
EndProject
Project("{9A19103F-16F7-4668-BE54-9A1E7A4F7556}") = "Windows.Admin.Api", "src\Windows.Admin.Api\Windows.Admin.Api.csproj", "{BEE41199-5E9E-4C8B-B490-726669D4FF5A}"
EndProject
Project("{9A19103F-16F7-4668-BE54-9A1E7A4F7556}") = "Windows.Test", "test\Windows.Test\Windows.Test.csproj", "{3A9DB9A0-1500-4BAE-8EA0-0611537995FC}"
EndProject
Project("{2150E333-8FDC-42A3-9474-1A3956D46DE8}") = "01.User", "01.User", "{1C8B76AA-1F3A-477F-8F64-413BF8251CBF}"
EndProject
Project("{2150E333-8FDC-42A3-9474-1A3956D46DE8}") = "02.Module", "02.Module", "{EA03CEDA-8D4B-4E9E-BAF4-417D47A50762}"
EndProject
Project("{2150E333-8FDC-42A3-9474-1A3956D46DE8}") = "03.Privilege", "03.Privilege", "{BCE9A9FD-CAD4-4106-862C-F19256310C62}"
EndProject
Project("{2150E333-8FDC-42A3-9474-1A3956D46DE8}") = "04.Organization", "04.Organization", "{9C3826E7-7EB3-4958-9266-ECC9CD77D8EC}"
EndProject
Project("{2150E333-8FDC-42A3-9474-1A3956D46DE8}") = "05.Log", "05.Log", "{C9AE5072-FD54-45AC-8D3C-4DC504C0C5C6}"
EndProject
Project("{FAE04EC0-301F-11D3-BF4B-00C04F79EFBC}") = "Windows.User.Api", "src\Windows.User.Api\Windows.User.Api.csproj", "{656CB57B-CA57-4579-A7B4-B9DEDCD4EC24}"
EndProject
Project("{FAE04EC0-301F-11D3-BF4B-00C04F79EFBC}") = "Windows.User.Application", "src\Windows.User.Application\Windows.User.Application.csproj", "{046299A3-D487-496C-951E-7CE4D05BE0D6}"
EndProject
Project("{FAE04EC0-301F-11D3-BF4B-00C04F79EFBC}") = "Windows.User.Domain", "src\Windows.User.Domain\Windows.User.Domain.csproj", "{82AF2836-EE29-4A13-BE76-27D665A52EFF}"
EndProject
Project("{FAE04EC0-301F-11D3-BF4B-00C04F79EFBC}") = "Windows.User.Infrastructure.EFCore", "src\Windows.User.Infrastructure.EFCore\Windows.User.Infrastructure.EFCore.csproj", "{6621EED6-1772-4384-B6A5-919F98528BA6}"
EndProject
Project("{FAE04EC0-301F-11D3-BF4B-00C04F79EFBC}") = "Windows.Module.Api", "src\Windows.Module.Api\Windows.Module.Api.csproj", "{76441A62-9EC2-468E-A4B3-84687247CA17}"
EndProject
Project("{FAE04EC0-301F-11D3-BF4B-00C04F79EFBC}") = "Windows.Privilege.Api", "src\Windows.Privilege.Api\Windows.Privilege.Api.csproj", "{75CE19C1-8D8D-4119-AA24-2BEE6F378048}"
EndProject
Project("{FAE04EC0-301F-11D3-BF4B-00C04F79EFBC}") = "Windows.Organization.Api", "src\Windows.Organization.Api\Windows.Organization.Api.csproj", "{B44EC942-CA4F-4D52-8F50-0120BDFD7147}"
EndProject
Project("{FAE04EC0-301F-11D3-BF4B-00C04F79EFBC}") = "Windows.Module.Infrastructure.EFCore", "src\Windows.Module.Infrastructure.EFCore\Windows.Module.Infrastructure.EFCore.csproj", "{1B6A90BC-5118-4924-A004-56C27B9B6FF0}"
EndProject
Project("{FAE04EC0-301F-11D3-BF4B-00C04F79EFBC}") = "Windows.Module.Application", "src\Windows.Module.Application\Windows.Module.Application.csproj", "{1189D225-7D93-4F01-ABA8-69CB870FEEA1}"
EndProject
Project("{FAE04EC0-301F-11D3-BF4B-00C04F79EFBC}") = "Windows.Log.Api", "src\Windows.Log.Api\Windows.Log.Api.csproj", "{93173F36-AF86-46B5-8273-F3405EEDE6AB}"
EndProject
Project("{FAE04EC0-301F-11D3-BF4B-00C04F79EFBC}") = "Windows.Module.Domain", "src\Windows.Module.Domain\Windows.Module.Domain.csproj", "{8068D80D-B69C-44DE-BBDE-EB67C6824133}"
EndProject
Project("{FAE04EC0-301F-11D3-BF4B-00C04F79EFBC}") = "Windows.Privilege.Application", "src\Windows.Privilege.Application\Windows.Privilege.Application.csproj", "{3C84966E-475B-45B6-8657-1A82507A2080}"
EndProject
Project("{FAE04EC0-301F-11D3-BF4B-00C04F79EFBC}") = "Windows.Privilege.Infrastructure.EFCore", "src\Windows.Privilege.Infrastructure.EFCore\Windows.Privilege.Infrastructure.EFCore.csproj", "{67244FC1-CD6B-4D62-96A9-51D179829D17}"
EndProject
Project("{FAE04EC0-301F-11D3-BF4B-00C04F79EFBC}") = "Windows.Privilege.Domain", "src\Windows.Privilege.Domain\Windows.Privilege.Domain.csproj", "{27ECD61B-6665-4EE6-B54B-7A9BFC8A0DA3}"
EndProject
Project("{FAE04EC0-301F-11D3-BF4B-00C04F79EFBC}") = "Windows.Organization.Application", "src\Windows.Organization.Application\Windows.Organization.Application.csproj", "{E0B8CBB0-707B-42AD-A62A-CA5C1D57F1BC}"
EndProject
Project("{FAE04EC0-301F-11D3-BF4B-00C04F79EFBC}") = "Windows.Organization.Infrastructure.EFCore", "src\Windows.Organization.Infrastructure.EFCore\Windows.Organization.Infrastructure.EFCore.csproj", "{0EA77E76-D38E-4316-B435-9F37C20A7913}"
EndProject
Project("{FAE04EC0-301F-11D3-BF4B-00C04F79EFBC}") = "Windows.Organization.Domain", "src\Windows.Organization.Domain\Windows.Organization.Domain.csproj", "{1A853059-E8B3-401B-A817-FA8968C926FB}"
EndProject
Project("{FAE04EC0-301F-11D3-BF4B-00C04F79EFBC}") = "Windows.Log.Infrastructure.EFCore", "src\Windows.Log.Infrastructure.EFCore\Windows.Log.Infrastructure.EFCore.csproj", "{954ED3AC-F53C-4C42-A07C-EEC680817B0C}"
EndProject
Project("{FAE04EC0-301F-11D3-BF4B-00C04F79EFBC}") = "Windows.Log.Domain", "src\Windows.Log.Domain\Windows.Log.Domain.csproj", "{AE98EC02-17A2-4228-8B4E-8E1BDF8E4EB1}"
EndProject
Project("{FAE04EC0-301F-11D3-BF4B-00C04F79EFBC}") = "Windows.Log.Application", "src\Windows.Log.Application\Windows.Log.Application.csproj", "{0F4A5977-D974-4D39-A8FF-B19AF360ABFE}"
EndProject
Global
	GlobalSection(SolutionConfigurationPlatforms) = preSolution
		Debug|Any CPU = Debug|Any CPU
		Release|Any CPU = Release|Any CPU
	EndGlobalSection
	GlobalSection(ProjectConfigurationPlatforms) = postSolution
		{1410B851-E3EA-4570-91E6-B4456CE48DB4}.Debug|Any CPU.ActiveCfg = Debug|Any CPU
		{1410B851-E3EA-4570-91E6-B4456CE48DB4}.Debug|Any CPU.Build.0 = Debug|Any CPU
		{1410B851-E3EA-4570-91E6-B4456CE48DB4}.Release|Any CPU.ActiveCfg = Release|Any CPU
		{1410B851-E3EA-4570-91E6-B4456CE48DB4}.Release|Any CPU.Build.0 = Release|Any CPU
		{70583B86-BB5F-47C0-A653-FA34F6B69808}.Debug|Any CPU.ActiveCfg = Debug|Any CPU
		{70583B86-BB5F-47C0-A653-FA34F6B69808}.Debug|Any CPU.Build.0 = Debug|Any CPU
		{70583B86-BB5F-47C0-A653-FA34F6B69808}.Release|Any CPU.ActiveCfg = Release|Any CPU
		{70583B86-BB5F-47C0-A653-FA34F6B69808}.Release|Any CPU.Build.0 = Release|Any CPU
		{3C55F924-D148-433E-B682-0FE67AEE3F5D}.Debug|Any CPU.ActiveCfg = Debug|Any CPU
		{3C55F924-D148-433E-B682-0FE67AEE3F5D}.Debug|Any CPU.Build.0 = Debug|Any CPU
		{3C55F924-D148-433E-B682-0FE67AEE3F5D}.Release|Any CPU.ActiveCfg = Release|Any CPU
		{3C55F924-D148-433E-B682-0FE67AEE3F5D}.Release|Any CPU.Build.0 = Release|Any CPU
		{BEF63829-5FE4-4384-A1EF-B1CC1ECF67D8}.Debug|Any CPU.ActiveCfg = Debug|Any CPU
		{BEF63829-5FE4-4384-A1EF-B1CC1ECF67D8}.Debug|Any CPU.Build.0 = Debug|Any CPU
		{BEF63829-5FE4-4384-A1EF-B1CC1ECF67D8}.Release|Any CPU.ActiveCfg = Release|Any CPU
		{BEF63829-5FE4-4384-A1EF-B1CC1ECF67D8}.Release|Any CPU.Build.0 = Release|Any CPU
		{9A388326-B61E-43A6-BE38-5B9D6732ED7E}.Debug|Any CPU.ActiveCfg = Debug|Any CPU
		{9A388326-B61E-43A6-BE38-5B9D6732ED7E}.Debug|Any CPU.Build.0 = Debug|Any CPU
		{9A388326-B61E-43A6-BE38-5B9D6732ED7E}.Release|Any CPU.ActiveCfg = Release|Any CPU
		{9A388326-B61E-43A6-BE38-5B9D6732ED7E}.Release|Any CPU.Build.0 = Release|Any CPU
		{66E7B4DE-6F89-431A-AE51-A8374BEA6C7B}.Debug|Any CPU.ActiveCfg = Debug|Any CPU
		{66E7B4DE-6F89-431A-AE51-A8374BEA6C7B}.Debug|Any CPU.Build.0 = Debug|Any CPU
		{66E7B4DE-6F89-431A-AE51-A8374BEA6C7B}.Release|Any CPU.ActiveCfg = Release|Any CPU
		{66E7B4DE-6F89-431A-AE51-A8374BEA6C7B}.Release|Any CPU.Build.0 = Release|Any CPU
		{5098E449-0FEE-4112-BCD3-EB52B182F062}.Debug|Any CPU.ActiveCfg = Debug|Any CPU
		{5098E449-0FEE-4112-BCD3-EB52B182F062}.Debug|Any CPU.Build.0 = Debug|Any CPU
		{5098E449-0FEE-4112-BCD3-EB52B182F062}.Release|Any CPU.ActiveCfg = Release|Any CPU
		{5098E449-0FEE-4112-BCD3-EB52B182F062}.Release|Any CPU.Build.0 = Release|Any CPU
		{0FFAFD7D-F94E-4390-AFE5-9B9CCBC3F7E5}.Debug|Any CPU.ActiveCfg = Debug|Any CPU
		{0FFAFD7D-F94E-4390-AFE5-9B9CCBC3F7E5}.Debug|Any CPU.Build.0 = Debug|Any CPU
		{0FFAFD7D-F94E-4390-AFE5-9B9CCBC3F7E5}.Release|Any CPU.ActiveCfg = Release|Any CPU
		{0FFAFD7D-F94E-4390-AFE5-9B9CCBC3F7E5}.Release|Any CPU.Build.0 = Release|Any CPU
		{E5363DDF-E0DF-4398-BABD-E9C58E16C81E}.Debug|Any CPU.ActiveCfg = Debug|Any CPU
		{E5363DDF-E0DF-4398-BABD-E9C58E16C81E}.Debug|Any CPU.Build.0 = Debug|Any CPU
		{E5363DDF-E0DF-4398-BABD-E9C58E16C81E}.Release|Any CPU.ActiveCfg = Release|Any CPU
		{E5363DDF-E0DF-4398-BABD-E9C58E16C81E}.Release|Any CPU.Build.0 = Release|Any CPU
		{1673467F-51AC-4A08-ADFD-034E355AC51C}.Debug|Any CPU.ActiveCfg = Debug|Any CPU
		{1673467F-51AC-4A08-ADFD-034E355AC51C}.Debug|Any CPU.Build.0 = Debug|Any CPU
		{1673467F-51AC-4A08-ADFD-034E355AC51C}.Release|Any CPU.ActiveCfg = Release|Any CPU
		{1673467F-51AC-4A08-ADFD-034E355AC51C}.Release|Any CPU.Build.0 = Release|Any CPU
		{BEE41199-5E9E-4C8B-B490-726669D4FF5A}.Debug|Any CPU.ActiveCfg = Debug|Any CPU
		{BEE41199-5E9E-4C8B-B490-726669D4FF5A}.Debug|Any CPU.Build.0 = Debug|Any CPU
		{BEE41199-5E9E-4C8B-B490-726669D4FF5A}.Release|Any CPU.ActiveCfg = Release|Any CPU
		{BEE41199-5E9E-4C8B-B490-726669D4FF5A}.Release|Any CPU.Build.0 = Release|Any CPU
		{3A9DB9A0-1500-4BAE-8EA0-0611537995FC}.Debug|Any CPU.ActiveCfg = Debug|Any CPU
		{3A9DB9A0-1500-4BAE-8EA0-0611537995FC}.Debug|Any CPU.Build.0 = Debug|Any CPU
		{3A9DB9A0-1500-4BAE-8EA0-0611537995FC}.Release|Any CPU.ActiveCfg = Release|Any CPU
		{3A9DB9A0-1500-4BAE-8EA0-0611537995FC}.Release|Any CPU.Build.0 = Release|Any CPU
		{656CB57B-CA57-4579-A7B4-B9DEDCD4EC24}.Debug|Any CPU.ActiveCfg = Debug|Any CPU
		{656CB57B-CA57-4579-A7B4-B9DEDCD4EC24}.Debug|Any CPU.Build.0 = Debug|Any CPU
		{656CB57B-CA57-4579-A7B4-B9DEDCD4EC24}.Release|Any CPU.ActiveCfg = Release|Any CPU
		{656CB57B-CA57-4579-A7B4-B9DEDCD4EC24}.Release|Any CPU.Build.0 = Release|Any CPU
		{046299A3-D487-496C-951E-7CE4D05BE0D6}.Debug|Any CPU.ActiveCfg = Debug|Any CPU
		{046299A3-D487-496C-951E-7CE4D05BE0D6}.Debug|Any CPU.Build.0 = Debug|Any CPU
		{046299A3-D487-496C-951E-7CE4D05BE0D6}.Release|Any CPU.ActiveCfg = Release|Any CPU
		{046299A3-D487-496C-951E-7CE4D05BE0D6}.Release|Any CPU.Build.0 = Release|Any CPU
		{82AF2836-EE29-4A13-BE76-27D665A52EFF}.Debug|Any CPU.ActiveCfg = Debug|Any CPU
		{82AF2836-EE29-4A13-BE76-27D665A52EFF}.Debug|Any CPU.Build.0 = Debug|Any CPU
		{82AF2836-EE29-4A13-BE76-27D665A52EFF}.Release|Any CPU.ActiveCfg = Release|Any CPU
		{82AF2836-EE29-4A13-BE76-27D665A52EFF}.Release|Any CPU.Build.0 = Release|Any CPU
		{6621EED6-1772-4384-B6A5-919F98528BA6}.Debug|Any CPU.ActiveCfg = Debug|Any CPU
		{6621EED6-1772-4384-B6A5-919F98528BA6}.Debug|Any CPU.Build.0 = Debug|Any CPU
		{6621EED6-1772-4384-B6A5-919F98528BA6}.Release|Any CPU.ActiveCfg = Release|Any CPU
		{6621EED6-1772-4384-B6A5-919F98528BA6}.Release|Any CPU.Build.0 = Release|Any CPU
		{76441A62-9EC2-468E-A4B3-84687247CA17}.Debug|Any CPU.ActiveCfg = Debug|Any CPU
		{76441A62-9EC2-468E-A4B3-84687247CA17}.Debug|Any CPU.Build.0 = Debug|Any CPU
		{76441A62-9EC2-468E-A4B3-84687247CA17}.Release|Any CPU.ActiveCfg = Release|Any CPU
		{76441A62-9EC2-468E-A4B3-84687247CA17}.Release|Any CPU.Build.0 = Release|Any CPU
		{75CE19C1-8D8D-4119-AA24-2BEE6F378048}.Debug|Any CPU.ActiveCfg = Debug|Any CPU
		{75CE19C1-8D8D-4119-AA24-2BEE6F378048}.Debug|Any CPU.Build.0 = Debug|Any CPU
		{75CE19C1-8D8D-4119-AA24-2BEE6F378048}.Release|Any CPU.ActiveCfg = Release|Any CPU
		{75CE19C1-8D8D-4119-AA24-2BEE6F378048}.Release|Any CPU.Build.0 = Release|Any CPU
		{B44EC942-CA4F-4D52-8F50-0120BDFD7147}.Debug|Any CPU.ActiveCfg = Debug|Any CPU
		{B44EC942-CA4F-4D52-8F50-0120BDFD7147}.Debug|Any CPU.Build.0 = Debug|Any CPU
		{B44EC942-CA4F-4D52-8F50-0120BDFD7147}.Release|Any CPU.ActiveCfg = Release|Any CPU
		{B44EC942-CA4F-4D52-8F50-0120BDFD7147}.Release|Any CPU.Build.0 = Release|Any CPU
		{1B6A90BC-5118-4924-A004-56C27B9B6FF0}.Debug|Any CPU.ActiveCfg = Debug|Any CPU
		{1B6A90BC-5118-4924-A004-56C27B9B6FF0}.Debug|Any CPU.Build.0 = Debug|Any CPU
		{1B6A90BC-5118-4924-A004-56C27B9B6FF0}.Release|Any CPU.ActiveCfg = Release|Any CPU
		{1B6A90BC-5118-4924-A004-56C27B9B6FF0}.Release|Any CPU.Build.0 = Release|Any CPU
		{1189D225-7D93-4F01-ABA8-69CB870FEEA1}.Debug|Any CPU.ActiveCfg = Debug|Any CPU
		{1189D225-7D93-4F01-ABA8-69CB870FEEA1}.Debug|Any CPU.Build.0 = Debug|Any CPU
		{1189D225-7D93-4F01-ABA8-69CB870FEEA1}.Release|Any CPU.ActiveCfg = Release|Any CPU
		{1189D225-7D93-4F01-ABA8-69CB870FEEA1}.Release|Any CPU.Build.0 = Release|Any CPU
		{93173F36-AF86-46B5-8273-F3405EEDE6AB}.Debug|Any CPU.ActiveCfg = Debug|Any CPU
		{93173F36-AF86-46B5-8273-F3405EEDE6AB}.Debug|Any CPU.Build.0 = Debug|Any CPU
		{93173F36-AF86-46B5-8273-F3405EEDE6AB}.Release|Any CPU.ActiveCfg = Release|Any CPU
		{93173F36-AF86-46B5-8273-F3405EEDE6AB}.Release|Any CPU.Build.0 = Release|Any CPU
		{8068D80D-B69C-44DE-BBDE-EB67C6824133}.Debug|Any CPU.ActiveCfg = Debug|Any CPU
		{8068D80D-B69C-44DE-BBDE-EB67C6824133}.Debug|Any CPU.Build.0 = Debug|Any CPU
		{8068D80D-B69C-44DE-BBDE-EB67C6824133}.Release|Any CPU.ActiveCfg = Release|Any CPU
		{8068D80D-B69C-44DE-BBDE-EB67C6824133}.Release|Any CPU.Build.0 = Release|Any CPU
		{3C84966E-475B-45B6-8657-1A82507A2080}.Debug|Any CPU.ActiveCfg = Debug|Any CPU
		{3C84966E-475B-45B6-8657-1A82507A2080}.Debug|Any CPU.Build.0 = Debug|Any CPU
		{3C84966E-475B-45B6-8657-1A82507A2080}.Release|Any CPU.ActiveCfg = Release|Any CPU
		{3C84966E-475B-45B6-8657-1A82507A2080}.Release|Any CPU.Build.0 = Release|Any CPU
		{67244FC1-CD6B-4D62-96A9-51D179829D17}.Debug|Any CPU.ActiveCfg = Debug|Any CPU
		{67244FC1-CD6B-4D62-96A9-51D179829D17}.Debug|Any CPU.Build.0 = Debug|Any CPU
		{67244FC1-CD6B-4D62-96A9-51D179829D17}.Release|Any CPU.ActiveCfg = Release|Any CPU
		{67244FC1-CD6B-4D62-96A9-51D179829D17}.Release|Any CPU.Build.0 = Release|Any CPU
		{27ECD61B-6665-4EE6-B54B-7A9BFC8A0DA3}.Debug|Any CPU.ActiveCfg = Debug|Any CPU
		{27ECD61B-6665-4EE6-B54B-7A9BFC8A0DA3}.Debug|Any CPU.Build.0 = Debug|Any CPU
		{27ECD61B-6665-4EE6-B54B-7A9BFC8A0DA3}.Release|Any CPU.ActiveCfg = Release|Any CPU
		{27ECD61B-6665-4EE6-B54B-7A9BFC8A0DA3}.Release|Any CPU.Build.0 = Release|Any CPU
		{E0B8CBB0-707B-42AD-A62A-CA5C1D57F1BC}.Debug|Any CPU.ActiveCfg = Debug|Any CPU
		{E0B8CBB0-707B-42AD-A62A-CA5C1D57F1BC}.Debug|Any CPU.Build.0 = Debug|Any CPU
		{E0B8CBB0-707B-42AD-A62A-CA5C1D57F1BC}.Release|Any CPU.ActiveCfg = Release|Any CPU
		{E0B8CBB0-707B-42AD-A62A-CA5C1D57F1BC}.Release|Any CPU.Build.0 = Release|Any CPU
		{0EA77E76-D38E-4316-B435-9F37C20A7913}.Debug|Any CPU.ActiveCfg = Debug|Any CPU
		{0EA77E76-D38E-4316-B435-9F37C20A7913}.Debug|Any CPU.Build.0 = Debug|Any CPU
		{0EA77E76-D38E-4316-B435-9F37C20A7913}.Release|Any CPU.ActiveCfg = Release|Any CPU
		{0EA77E76-D38E-4316-B435-9F37C20A7913}.Release|Any CPU.Build.0 = Release|Any CPU
		{1A853059-E8B3-401B-A817-FA8968C926FB}.Debug|Any CPU.ActiveCfg = Debug|Any CPU
		{1A853059-E8B3-401B-A817-FA8968C926FB}.Debug|Any CPU.Build.0 = Debug|Any CPU
		{1A853059-E8B3-401B-A817-FA8968C926FB}.Release|Any CPU.ActiveCfg = Release|Any CPU
		{1A853059-E8B3-401B-A817-FA8968C926FB}.Release|Any CPU.Build.0 = Release|Any CPU
		{954ED3AC-F53C-4C42-A07C-EEC680817B0C}.Debug|Any CPU.ActiveCfg = Debug|Any CPU
		{954ED3AC-F53C-4C42-A07C-EEC680817B0C}.Debug|Any CPU.Build.0 = Debug|Any CPU
		{954ED3AC-F53C-4C42-A07C-EEC680817B0C}.Release|Any CPU.ActiveCfg = Release|Any CPU
		{954ED3AC-F53C-4C42-A07C-EEC680817B0C}.Release|Any CPU.Build.0 = Release|Any CPU
		{AE98EC02-17A2-4228-8B4E-8E1BDF8E4EB1}.Debug|Any CPU.ActiveCfg = Debug|Any CPU
		{AE98EC02-17A2-4228-8B4E-8E1BDF8E4EB1}.Debug|Any CPU.Build.0 = Debug|Any CPU
		{AE98EC02-17A2-4228-8B4E-8E1BDF8E4EB1}.Release|Any CPU.ActiveCfg = Release|Any CPU
		{AE98EC02-17A2-4228-8B4E-8E1BDF8E4EB1}.Release|Any CPU.Build.0 = Release|Any CPU
		{0F4A5977-D974-4D39-A8FF-B19AF360ABFE}.Debug|Any CPU.ActiveCfg = Debug|Any CPU
		{0F4A5977-D974-4D39-A8FF-B19AF360ABFE}.Debug|Any CPU.Build.0 = Debug|Any CPU
		{0F4A5977-D974-4D39-A8FF-B19AF360ABFE}.Release|Any CPU.ActiveCfg = Release|Any CPU
		{0F4A5977-D974-4D39-A8FF-B19AF360ABFE}.Release|Any CPU.Build.0 = Release|Any CPU
	EndGlobalSection
	GlobalSection(SolutionProperties) = preSolution
		HideSolutionNode = FALSE
	EndGlobalSection
	GlobalSection(NestedProjects) = preSolution
		{1410B851-E3EA-4570-91E6-B4456CE48DB4} = {F844BC97-03CC-418D-95DA-3B3FA522A334}
		{F844BC97-03CC-418D-95DA-3B3FA522A334} = {6CEC17D5-0611-4DBB-BB57-C2A343D21189}
		{F4DF1F54-0722-4A24-AEF2-6CA8DF4B1201} = {6CEC17D5-0611-4DBB-BB57-C2A343D21189}
		{15AF33BD-BBC1-4BA0-9EA8-E885CB20EB83} = {6CEC17D5-0611-4DBB-BB57-C2A343D21189}
		{0A52E20E-E31E-4F97-B7E4-394BFD4D4E4C} = {F4DF1F54-0722-4A24-AEF2-6CA8DF4B1201}
		{70583B86-BB5F-47C0-A653-FA34F6B69808} = {0A52E20E-E31E-4F97-B7E4-394BFD4D4E4C}
		{3C55F924-D148-433E-B682-0FE67AEE3F5D} = {0A52E20E-E31E-4F97-B7E4-394BFD4D4E4C}
		{BEF63829-5FE4-4384-A1EF-B1CC1ECF67D8} = {0A52E20E-E31E-4F97-B7E4-394BFD4D4E4C}
		{9A388326-B61E-43A6-BE38-5B9D6732ED7E} = {0A52E20E-E31E-4F97-B7E4-394BFD4D4E4C}
		{66E7B4DE-6F89-431A-AE51-A8374BEA6C7B} = {15AF33BD-BBC1-4BA0-9EA8-E885CB20EB83}
		{5098E449-0FEE-4112-BCD3-EB52B182F062} = {15AF33BD-BBC1-4BA0-9EA8-E885CB20EB83}
		{0FFAFD7D-F94E-4390-AFE5-9B9CCBC3F7E5} = {15AF33BD-BBC1-4BA0-9EA8-E885CB20EB83}
		{E5363DDF-E0DF-4398-BABD-E9C58E16C81E} = {15AF33BD-BBC1-4BA0-9EA8-E885CB20EB83}
		{1673467F-51AC-4A08-ADFD-034E355AC51C} = {15AF33BD-BBC1-4BA0-9EA8-E885CB20EB83}
		{BEE41199-5E9E-4C8B-B490-726669D4FF5A} = {0A52E20E-E31E-4F97-B7E4-394BFD4D4E4C}
		{3A9DB9A0-1500-4BAE-8EA0-0611537995FC} = {270D6D7E-4D69-4169-9985-55CE4F36F53C}
		{1C8B76AA-1F3A-477F-8F64-413BF8251CBF} = {F4DF1F54-0722-4A24-AEF2-6CA8DF4B1201}
		{EA03CEDA-8D4B-4E9E-BAF4-417D47A50762} = {F4DF1F54-0722-4A24-AEF2-6CA8DF4B1201}
		{BCE9A9FD-CAD4-4106-862C-F19256310C62} = {F4DF1F54-0722-4A24-AEF2-6CA8DF4B1201}
		{9C3826E7-7EB3-4958-9266-ECC9CD77D8EC} = {F4DF1F54-0722-4A24-AEF2-6CA8DF4B1201}
		{C9AE5072-FD54-45AC-8D3C-4DC504C0C5C6} = {F4DF1F54-0722-4A24-AEF2-6CA8DF4B1201}
		{656CB57B-CA57-4579-A7B4-B9DEDCD4EC24} = {1C8B76AA-1F3A-477F-8F64-413BF8251CBF}
		{046299A3-D487-496C-951E-7CE4D05BE0D6} = {1C8B76AA-1F3A-477F-8F64-413BF8251CBF}
		{82AF2836-EE29-4A13-BE76-27D665A52EFF} = {1C8B76AA-1F3A-477F-8F64-413BF8251CBF}
		{6621EED6-1772-4384-B6A5-919F98528BA6} = {1C8B76AA-1F3A-477F-8F64-413BF8251CBF}
		{76441A62-9EC2-468E-A4B3-84687247CA17} = {EA03CEDA-8D4B-4E9E-BAF4-417D47A50762}
		{75CE19C1-8D8D-4119-AA24-2BEE6F378048} = {BCE9A9FD-CAD4-4106-862C-F19256310C62}
		{B44EC942-CA4F-4D52-8F50-0120BDFD7147} = {9C3826E7-7EB3-4958-9266-ECC9CD77D8EC}
		{1B6A90BC-5118-4924-A004-56C27B9B6FF0} = {EA03CEDA-8D4B-4E9E-BAF4-417D47A50762}
		{1189D225-7D93-4F01-ABA8-69CB870FEEA1} = {EA03CEDA-8D4B-4E9E-BAF4-417D47A50762}
		{93173F36-AF86-46B5-8273-F3405EEDE6AB} = {C9AE5072-FD54-45AC-8D3C-4DC504C0C5C6}
		{8068D80D-B69C-44DE-BBDE-EB67C6824133} = {EA03CEDA-8D4B-4E9E-BAF4-417D47A50762}
		{3C84966E-475B-45B6-8657-1A82507A2080} = {BCE9A9FD-CAD4-4106-862C-F19256310C62}
		{67244FC1-CD6B-4D62-96A9-51D179829D17} = {BCE9A9FD-CAD4-4106-862C-F19256310C62}
		{27ECD61B-6665-4EE6-B54B-7A9BFC8A0DA3} = {BCE9A9FD-CAD4-4106-862C-F19256310C62}
		{E0B8CBB0-707B-42AD-A62A-CA5C1D57F1BC} = {9C3826E7-7EB3-4958-9266-ECC9CD77D8EC}
		{0EA77E76-D38E-4316-B435-9F37C20A7913} = {9C3826E7-7EB3-4958-9266-ECC9CD77D8EC}
		{1A853059-E8B3-401B-A817-FA8968C926FB} = {9C3826E7-7EB3-4958-9266-ECC9CD77D8EC}
		{954ED3AC-F53C-4C42-A07C-EEC680817B0C} = {C9AE5072-FD54-45AC-8D3C-4DC504C0C5C6}
		{AE98EC02-17A2-4228-8B4E-8E1BDF8E4EB1} = {C9AE5072-FD54-45AC-8D3C-4DC504C0C5C6}
		{0F4A5977-D974-4D39-A8FF-B19AF360ABFE} = {C9AE5072-FD54-45AC-8D3C-4DC504C0C5C6}
	EndGlobalSection
	GlobalSection(ExtensibilityGlobals) = postSolution
		SolutionGuid = {FCB1AA69-2AF0-4D65-A9E2-989F27064A3A}
	EndGlobalSection
EndGlobal
